
Microsoft Visual Studio Solution File, Format Version 12.00
# Visual Studio 15
VisualStudioVersion = 15.0.28010.2036
MinimumVisualStudioVersion = 10.0.40219.1
Project("{FAE04EC0-301F-11D3-BF4B-00C04F79EFBC}") = "Task 1", "Task 1\Task 1.csproj", "{3B5C4F8D-58DD-4634-87A5-B9B7A74CB095}"
EndProject
Project("{FAE04EC0-301F-11D3-BF4B-00C04F79EFBC}") = "Task 2", "Task 2\Task 2.csproj", "{A2717A76-19A6-4C57-AC6B-87D7544ACE47}"
EndProject
Project("{FAE04EC0-301F-11D3-BF4B-00C04F79EFBC}") = "Task 3", "Task 3\Task 3.csproj", "{842C4F06-93F5-4DB9-AF61-C09B87BA0D0E}"
EndProject
Global
	GlobalSection(SolutionConfigurationPlatforms) = preSolution
		Debug|Any CPU = Debug|Any CPU
		Release|Any CPU = Release|Any CPU
	EndGlobalSection
	GlobalSection(ProjectConfigurationPlatforms) = postSolution
		{3B5C4F8D-58DD-4634-87A5-B9B7A74CB095}.Debug|Any CPU.ActiveCfg = Debug|Any CPU
		{3B5C4F8D-58DD-4634-87A5-B9B7A74CB095}.Debug|Any CPU.Build.0 = Debug|Any CPU
		{3B5C4F8D-58DD-4634-87A5-B9B7A74CB095}.Release|Any CPU.ActiveCfg = Release|Any CPU
		{3B5C4F8D-58DD-4634-87A5-B9B7A74CB095}.Release|Any CPU.Build.0 = Release|Any CPU
		{A2717A76-19A6-4C57-AC6B-87D7544ACE47}.Debug|Any CPU.ActiveCfg = Debug|Any CPU
		{A2717A76-19A6-4C57-AC6B-87D7544ACE47}.Debug|Any CPU.Build.0 = Debug|Any CPU
		{A2717A76-19A6-4C57-AC6B-87D7544ACE47}.Release|Any CPU.ActiveCfg = Release|Any CPU
		{A2717A76-19A6-4C57-AC6B-87D7544ACE47}.Release|Any CPU.Build.0 = Release|Any CPU
		{842C4F06-93F5-4DB9-AF61-C09B87BA0D0E}.Debug|Any CPU.ActiveCfg = Debug|Any CPU
		{842C4F06-93F5-4DB9-AF61-C09B87BA0D0E}.Debug|Any CPU.Build.0 = Debug|Any CPU
		{842C4F06-93F5-4DB9-AF61-C09B87BA0D0E}.Release|Any CPU.ActiveCfg = Release|Any CPU
		{842C4F06-93F5-4DB9-AF61-C09B87BA0D0E}.Release|Any CPU.Build.0 = Release|Any CPU
	EndGlobalSection
	GlobalSection(SolutionProperties) = preSolution
		HideSolutionNode = FALSE
	EndGlobalSection
	GlobalSection(ExtensibilityGlobals) = postSolution
		SolutionGuid = {3E181B1B-B158-49B7-BDD9-8F3D0BFC9856}
	EndGlobalSection
EndGlobal
